{
    "name": "@younghwa/secure-dice",
    "version": "0.0.5",
    "lockfileVersion": 3,
    "requires": true,
    "packages": {
        "": {
            "name": "@younghwa/secure-dice",
            "version": "0.0.5",
            "dependencies": {
                "@younghwa/secure-random": "^0.0.5",
                "classnames": "^2.5.1",
                "react": "^18.3.1",
                "react-dom": "^18.3.1"
            },
            "devDependencies": {
                "@chromatic-com/storybook": "^1.3.5",
                "@storybook/addon-essentials": "^8.0.10",
                "@storybook/addon-interactions": "^8.0.10",
                "@storybook/addon-links": "^8.0.10",
                "@storybook/addon-onboarding": "^8.0.10",
                "@storybook/addon-styling-webpack": "^1.0.0",
                "@storybook/addon-webpack5-compiler-swc": "^1.0.2",
                "@storybook/blocks": "^8.0.10",
                "@storybook/react": "^8.0.10",
                "@storybook/react-webpack5": "^8.0.10",
                "@storybook/test": "^8.0.10",
                "@types/react": "^18.3.2",
                "prop-types": "^15.8.1",
                "sass": "^1.77.1",
                "storybook": "^8.0.10"
            }
        },
        "../../node_modules/.pnpm/@chromatic-com+storybook@1.3.5_react@18.3.1/node_modules/@chromatic-com/storybook": {
            "version": "1.3.5",
            "dev": true,
            "license": "MIT",
            "dependencies": {
                "chromatic": "^11.3.2",
                "filesize": "^10.0.12",
                "jsonfile": "^6.1.0",
                "react-confetti": "^6.1.0",
                "strip-ansi": "^7.1.0"
            },
            "devDependencies": {
                "@emotion/weak-memoize": "^0.3.1",
                "@graphql-codegen/cli": "^4.0.1",
                "@graphql-codegen/client-preset": "^4.0.1",
                "@graphql-typed-document-node/core": "^3.2.0",
                "@storybook/addon-actions": "^8.0.0",
                "@storybook/addon-designs": "^8.0.0",
                "@storybook/addon-essentials": "^8.0.0",
                "@storybook/addon-interactions": "^8.0.0",
                "@storybook/addon-mdx-gfm": "^8.0.0",
                "@storybook/blocks": "^8.0.0",
                "@storybook/channels": "^8.0.0",
                "@storybook/client-logger": "^8.0.0",
                "@storybook/components": "^8.0.0",
                "@storybook/core-events": "^8.0.0",
                "@storybook/eslint-config-storybook": "^3.1.2",
                "@storybook/icons": "^1.2.8",
                "@storybook/manager": "^8.0.0",
                "@storybook/manager-api": "^8.0.0",
                "@storybook/preview": "^8.0.0",
                "@storybook/react": "^8.0.0",
                "@storybook/react-vite": "^8.0.0",
                "@storybook/telemetry": "^8.0.0",
                "@storybook/test": "^8.0.0",
                "@storybook/testing-library": "^0.2.2",
                "@storybook/theming": "^8.0.0",
                "@storybook/types": "^8.0.0",
                "@types/jsonfile": "^6.1.1",
                "@types/node": "^18.15.0",
                "@types/pluralize": "^0.0.29",
                "@types/react": "^16.14.0",
                "@types/react-dom": "^16.9.24",
                "@typescript-eslint/eslint-plugin": "^5.59.11",
                "@typescript-eslint/parser": "^5.59.11",
                "@urql/exchange-auth": "^2.1.6",
                "@vitejs/plugin-react": "^3.1.0",
                "auto": "^11.0.5",
                "boxen": "^5.0.1",
                "date-fns": "^2.30.0",
                "dedent": "^0.7.0",
                "eslint": "^8.42.0",
                "eslint-plugin-jest": "^27.2.1",
                "eslint-plugin-simple-import-sort": "^10.0.0",
                "eslint-plugin-storybook": "^0.6.15",
                "graphql": "^16.8.1",
                "msw": "^2.0.0",
                "msw-storybook-addon": "2.0.0--canary.122.b3ed3b1.0",
                "npm-run-all": "^4.1.5",
                "pluralize": "^8.0.0",
                "polished": "^4.2.2",
                "prettier": "^2.8.8",
                "prompts": "^2.4.2",
                "prop-types": "^15.8.1",
                "react": "^16.14.0",
                "react-dom": "^16.14.0",
                "react-joyride": "^2.7.2",
                "rimraf": "^3.0.2",
                "storybook": "^8.0.0",
                "ts-dedent": "^2.2.0",
                "tsup": "^6.6.3",
                "typescript": "^4.9.5",
                "urql": "^4.0.3",
                "uuid": "^9.0.0",
                "vite": "^4.1.4",
                "vite-plugin-environment": "^1.1.3",
                "vite-plugin-turbosnap": "^1.0.3",
                "vitest": "^1.3.1",
                "zod": "^3.22.2",
                "zx": "^1.14.1"
            },
            "engines": {
                "node": ">=16.0.0",
                "yarn": ">=1.22.18"
            }
        },
        "../../node_modules/.pnpm/@storybook+addon-essentials@8.0.10_@types+react@18.3.2_react-dom@18.3.1_react@18.3.1/node_modules/@storybook/addon-essentials": {
            "version": "8.0.10",
            "dev": true,
            "license": "MIT",
            "dependencies": {
                "@storybook/addon-actions": "8.0.10",
                "@storybook/addon-backgrounds": "8.0.10",
                "@storybook/addon-controls": "8.0.10",
                "@storybook/addon-docs": "8.0.10",
                "@storybook/addon-highlight": "8.0.10",
                "@storybook/addon-measure": "8.0.10",
                "@storybook/addon-outline": "8.0.10",
                "@storybook/addon-toolbars": "8.0.10",
                "@storybook/addon-viewport": "8.0.10",
                "@storybook/core-common": "8.0.10",
                "@storybook/manager-api": "8.0.10",
                "@storybook/node-logger": "8.0.10",
                "@storybook/preview-api": "8.0.10",
                "ts-dedent": "^2.0.0"
            },
            "devDependencies": {
                "typescript": "^5.3.2"
            },
            "funding": {
                "type": "opencollective",
                "url": "https://opencollective.com/storybook"
            }
        },
        "../../node_modules/.pnpm/@storybook+addon-interactions@8.0.10/node_modules/@storybook/addon-interactions": {
            "version": "8.0.10",
            "dev": true,
            "license": "MIT",
            "dependencies": {
                "@storybook/global": "^5.0.0",
                "@storybook/instrumenter": "8.0.10",
                "@storybook/test": "8.0.10",
                "@storybook/types": "8.0.10",
                "polished": "^4.2.2",
                "ts-dedent": "^2.2.0"
            },
            "devDependencies": {
                "@devtools-ds/object-inspector": "^1.1.2",
                "@storybook/client-logger": "8.0.10",
                "@storybook/components": "8.0.10",
                "@storybook/core-common": "8.0.10",
                "@storybook/core-events": "8.0.10",
                "@storybook/icons": "^1.2.5",
                "@storybook/manager-api": "8.0.10",
                "@storybook/preview-api": "8.0.10",
                "@storybook/theming": "8.0.10",
                "@types/node": "^18.0.0",
                "formik": "^2.2.9",
                "react": "^18.2.0",
                "react-dom": "^18.2.0",
                "typescript": "^5.3.2"
            },
            "funding": {
                "type": "opencollective",
                "url": "https://opencollective.com/storybook"
            }
        },
        "../../node_modules/.pnpm/@storybook+addon-links@8.0.10_react@18.3.1/node_modules/@storybook/addon-links": {
            "version": "8.0.10",
            "dev": true,
            "license": "MIT",
            "dependencies": {
                "@storybook/csf": "^0.1.4",
                "@storybook/global": "^5.0.0",
                "ts-dedent": "^2.0.0"
            },
            "devDependencies": {
                "@storybook/client-logger": "8.0.10",
                "@storybook/core-events": "8.0.10",
                "@storybook/manager-api": "8.0.10",
                "@storybook/preview-api": "8.0.10",
                "@storybook/router": "8.0.10",
                "@storybook/types": "8.0.10",
                "fs-extra": "^11.1.0",
                "typescript": "^5.3.2"
            },
            "funding": {
                "type": "opencollective",
                "url": "https://opencollective.com/storybook"
            },
            "peerDependencies": {
                "react": "^16.8.0 || ^17.0.0 || ^18.0.0"
            },
            "peerDependenciesMeta": {
                "react": {
                    "optional": true
                }
            }
        },
        "../../node_modules/.pnpm/@storybook+addon-onboarding@8.0.10/node_modules/@storybook/addon-onboarding": {
            "version": "8.0.10",
            "dev": true,
            "license": "MIT",
            "devDependencies": {
                "@radix-ui/react-dialog": "^1.0.5",
                "@storybook/channels": "8.0.10",
                "@storybook/components": "8.0.10",
                "@storybook/core-events": "8.0.10",
                "@storybook/icons": "^1.2.5",
                "@storybook/manager-api": "8.0.10",
                "@storybook/react": "8.0.10",
                "@storybook/telemetry": "8.0.10",
                "@storybook/test": "8.0.10",
                "@storybook/theming": "8.0.10",
                "@storybook/types": "8.0.10",
                "framer-motion": "^11.0.3",
                "react": "^18.2.0",
                "react-confetti": "^6.1.0",
                "react-dom": "^18.2.0",
                "react-joyride": "^2.7.2",
                "react-use-measure": "^2.1.1",
                "typescript": "^5.3.2"
            },
            "funding": {
                "type": "opencollective",
                "url": "https://opencollective.com/storybook"
            }
        },
        "../../node_modules/.pnpm/@storybook+addon-styling-webpack@1.0.0_webpack@5.91.0/node_modules/@storybook/addon-styling-webpack": {
            "version": "1.0.0",
            "dev": true,
            "license": "MIT",
            "dependencies": {
                "@storybook/node-logger": "^8.0.0-alpha.10"
            },
            "devDependencies": {
                "@types/node": "^18.0.0",
                "auto": "^11.1.1",
                "prettier": "^3.2.0",
                "rimraf": "^3.0.2",
                "tsup": "^6.7.0",
                "typescript": "^5.3.0",
                "webpack": "^5.0.0"
            },
            "peerDependencies": {
                "webpack": "^5.0.0"
            }
        },
        "../../node_modules/.pnpm/@storybook+addon-webpack5-compiler-swc@1.0.2_webpack@5.91.0/node_modules/@storybook/addon-webpack5-compiler-swc": {
            "version": "1.0.2",
            "dev": true,
            "license": "MIT",
            "dependencies": {
                "@swc/core": "^1.3.102",
                "swc-loader": "^0.2.3"
            },
            "devDependencies": {
                "@biomejs/biome": "^1.4.1",
                "@storybook/core-common": "8.0.0-rc.3",
                "@storybook/manager": "^8.0.0-rc.3",
                "@storybook/preview": "8.0.0-rc.3",
                "@storybook/types": "8.0.0-rc.3",
                "auto": "^11.1.1",
                "tsup": "^8.0.1",
                "typescript": "^5.3.3",
                "webpack": "^5.89.0"
            },
            "engines": {
                "node": ">=18"
            }
        },
        "../../node_modules/.pnpm/@storybook+blocks@8.0.10_@types+react@18.3.2_react-dom@18.3.1_react@18.3.1/node_modules/@storybook/blocks": {
            "version": "8.0.10",
            "dev": true,
            "license": "MIT",
            "dependencies": {
                "@storybook/channels": "8.0.10",
                "@storybook/client-logger": "8.0.10",
                "@storybook/components": "8.0.10",
                "@storybook/core-events": "8.0.10",
                "@storybook/csf": "^0.1.4",
                "@storybook/docs-tools": "8.0.10",
                "@storybook/global": "^5.0.0",
                "@storybook/icons": "^1.2.5",
                "@storybook/manager-api": "8.0.10",
                "@storybook/preview-api": "8.0.10",
                "@storybook/theming": "8.0.10",
                "@storybook/types": "8.0.10",
                "@types/lodash": "^4.14.167",
                "color-convert": "^2.0.1",
                "dequal": "^2.0.2",
                "lodash": "^4.17.21",
                "markdown-to-jsx": "7.3.2",
                "memoizerific": "^1.11.3",
                "polished": "^4.2.2",
                "react-colorful": "^5.1.2",
                "telejson": "^7.2.0",
                "tocbot": "^4.20.1",
                "ts-dedent": "^2.0.0",
                "util-deprecate": "^1.0.2"
            },
            "devDependencies": {
                "@storybook/addon-actions": "8.0.10",
                "@storybook/test": "8.0.10",
                "@types/color-convert": "^2.0.0"
            },
            "funding": {
                "type": "opencollective",
                "url": "https://opencollective.com/storybook"
            },
            "peerDependencies": {
                "react": "^16.8.0 || ^17.0.0 || ^18.0.0",
                "react-dom": "^16.8.0 || ^17.0.0 || ^18.0.0"
            },
            "peerDependenciesMeta": {
                "react": {
                    "optional": true
                },
                "react-dom": {
                    "optional": true
                }
            }
        },
        "../../node_modules/.pnpm/@storybook+react-webpack5@8.0.10_@swc+core@1.5.5_esbuild@0.20.2_react-dom@18.3.1_react@18.3.1_typescript@5.4.5/node_modules/@storybook/react-webpack5": {
            "version": "8.0.10",
            "dev": true,
            "license": "MIT",
            "dependencies": {
                "@storybook/builder-webpack5": "8.0.10",
                "@storybook/preset-react-webpack": "8.0.10",
                "@storybook/react": "8.0.10",
                "@types/node": "^18.0.0"
            },
            "engines": {
                "node": ">=18.0.0"
            },
            "funding": {
                "type": "opencollective",
                "url": "https://opencollective.com/storybook"
            },
            "peerDependencies": {
                "react": "^16.8.0 || ^17.0.0 || ^18.0.0",
                "react-dom": "^16.8.0 || ^17.0.0 || ^18.0.0",
                "typescript": ">= 4.2.x"
            },
            "peerDependenciesMeta": {
                "typescript": {
                    "optional": true
                }
            }
        },
        "../../node_modules/.pnpm/@storybook+react@8.0.10_react-dom@18.3.1_react@18.3.1_typescript@5.4.5/node_modules/@storybook/react": {
            "version": "8.0.10",
            "dev": true,
            "license": "MIT",
            "dependencies": {
                "@storybook/client-logger": "8.0.10",
                "@storybook/docs-tools": "8.0.10",
                "@storybook/global": "^5.0.0",
                "@storybook/preview-api": "8.0.10",
                "@storybook/react-dom-shim": "8.0.10",
                "@storybook/types": "8.0.10",
                "@types/escodegen": "^0.0.6",
                "@types/estree": "^0.0.51",
                "@types/node": "^18.0.0",
                "acorn": "^7.4.1",
                "acorn-jsx": "^5.3.1",
                "acorn-walk": "^7.2.0",
                "escodegen": "^2.1.0",
                "html-tags": "^3.1.0",
                "lodash": "^4.17.21",
                "prop-types": "^15.7.2",
                "react-element-to-jsx-string": "^15.0.0",
                "semver": "^7.3.7",
                "ts-dedent": "^2.0.0",
                "type-fest": "~2.19",
                "util-deprecate": "^1.0.2"
            },
            "devDependencies": {
                "@storybook/test": "8.0.10",
                "@types/babel-plugin-react-docgen": "^4",
                "@types/semver": "^7.3.4",
                "@types/util-deprecate": "^1.0.0",
                "babel-plugin-react-docgen": "^4.2.1",
                "expect-type": "^0.15.0",
                "require-from-string": "^2.0.2"
            },
            "engines": {
                "node": ">=18.0.0"
            },
            "funding": {
                "type": "opencollective",
                "url": "https://opencollective.com/storybook"
            },
            "peerDependencies": {
                "react": "^16.8.0 || ^17.0.0 || ^18.0.0",
                "react-dom": "^16.8.0 || ^17.0.0 || ^18.0.0",
                "typescript": ">= 4.2.x"
            },
            "peerDependenciesMeta": {
                "typescript": {
                    "optional": true
                }
            }
        },
        "../../node_modules/.pnpm/@storybook+test@8.0.10/node_modules/@storybook/test": {
            "version": "8.0.10",
            "dev": true,
            "license": "MIT",
            "dependencies": {
                "@storybook/client-logger": "8.0.10",
                "@storybook/core-events": "8.0.10",
                "@storybook/instrumenter": "8.0.10",
                "@storybook/preview-api": "8.0.10",
                "@testing-library/dom": "^9.3.4",
                "@testing-library/jest-dom": "^6.4.2",
                "@testing-library/user-event": "^14.5.2",
                "@vitest/expect": "1.3.1",
                "@vitest/spy": "^1.3.1",
                "util": "^0.12.4"
            },
            "devDependencies": {
                "chai": "^4.4.1",
                "ts-dedent": "^2.2.0",
                "type-fest": "~2.19",
                "typescript": "^5.3.2"
            },
            "funding": {
                "type": "opencollective",
                "url": "https://opencollective.com/storybook"
            }
        },
        "../../node_modules/.pnpm/@types+react@18.3.2/node_modules/@types/react": {
            "version": "18.3.2",
            "dev": true,
            "license": "MIT",
            "dependencies": {
                "@types/prop-types": "*",
                "csstype": "^3.0.2"
            }
        },
        "../../node_modules/.pnpm/classnames@2.5.1/node_modules/classnames": {
            "version": "2.5.1",
            "license": "MIT",
            "devDependencies": {
                "@rollup/plugin-commonjs": "^25.0.7",
                "@rollup/plugin-json": "^6.1.0",
                "@rollup/plugin-node-resolve": "^15.2.3",
                "classnames-local": "file:.",
                "classnames-npm": "npm:classnames@*",
                "http-server": "^14.1.1",
                "markdown-table": "^3.0.3",
                "rollup": "^4.9.1",
                "tinybench": "^2.5.1",
                "tsd": "^0.30.1"
            }
        },
        "../../node_modules/.pnpm/prop-types@15.8.1/node_modules/prop-types": {
            "version": "15.8.1",
            "dev": true,
            "license": "MIT",
            "dependencies": {
                "loose-envify": "^1.4.0",
                "object-assign": "^4.1.1",
                "react-is": "^16.13.1"
            },
            "devDependencies": {
                "babel-jest": "^19.0.0",
                "babel-preset-react": "^6.24.1",
                "browserify": "^16.5.0",
                "bundle-collapser": "^1.4.0",
                "eslint": "^8.6.0",
                "in-publish": "^2.0.1",
                "jest": "^19.0.2",
                "react": "^15.7.0",
                "uglifyify": "^5.0.2",
                "uglifyjs": "^2.4.11"
            }
        },
        "../../node_modules/.pnpm/react-dom@18.3.1_react@18.3.1/node_modules/react-dom": {
            "version": "18.3.1",
            "license": "MIT",
            "dependencies": {
                "loose-envify": "^1.1.0",
                "scheduler": "^0.23.2"
            },
            "peerDependencies": {
                "react": "^18.3.1"
            }
        },
        "../../node_modules/.pnpm/react@18.3.1/node_modules/react": {
            "version": "18.3.1",
            "license": "MIT",
            "dependencies": {
                "loose-envify": "^1.1.0"
            },
            "engines": {
                "node": ">=0.10.0"
            }
        },
        "../../node_modules/.pnpm/sass@1.77.1/node_modules/sass": {
            "version": "1.77.1",
            "dev": true,
            "license": "MIT",
            "dependencies": {
                "chokidar": ">=3.0.0 <4.0.0",
                "immutable": "^4.0.0",
                "source-map-js": ">=0.6.2 <2.0.0"
            },
            "bin": {
                "sass": "sass.js"
            },
            "engines": {
                "node": ">=14.0.0"
            }
        },
        "../../node_modules/.pnpm/storybook@8.0.10_react-dom@18.3.1_react@18.3.1/node_modules/storybook": {
            "version": "8.0.10",
            "dev": true,
            "license": "MIT",
            "dependencies": {
                "@storybook/cli": "8.0.10"
            },
            "bin": {
                "sb": "index.js",
                "storybook": "index.js"
            },
            "funding": {
                "type": "opencollective",
                "url": "https://opencollective.com/storybook"
            }
        },
        "../secure-random": {
            "name": "@younghwa/secure-random",
            "version": "0.0.5",
            "extraneous": true,
            "devDependencies": {}
        },
        "node_modules/@chromatic-com/storybook": {
            "resolved": "../../node_modules/.pnpm/@chromatic-com+storybook@1.3.5_react@18.3.1/node_modules/@chromatic-com/storybook",
            "link": true
        },
        "node_modules/@storybook/addon-essentials": {
            "resolved": "../../node_modules/.pnpm/@storybook+addon-essentials@8.0.10_@types+react@18.3.2_react-dom@18.3.1_react@18.3.1/node_modules/@storybook/addon-essentials",
            "link": true
        },
        "node_modules/@storybook/addon-interactions": {
            "resolved": "../../node_modules/.pnpm/@storybook+addon-interactions@8.0.10/node_modules/@storybook/addon-interactions",
            "link": true
        },
        "node_modules/@storybook/addon-links": {
            "resolved": "../../node_modules/.pnpm/@storybook+addon-links@8.0.10_react@18.3.1/node_modules/@storybook/addon-links",
            "link": true
        },
        "node_modules/@storybook/addon-onboarding": {
            "resolved": "../../node_modules/.pnpm/@storybook+addon-onboarding@8.0.10/node_modules/@storybook/addon-onboarding",
            "link": true
        },
        "node_modules/@storybook/addon-styling-webpack": {
            "resolved": "../../node_modules/.pnpm/@storybook+addon-styling-webpack@1.0.0_webpack@5.91.0/node_modules/@storybook/addon-styling-webpack",
            "link": true
        },
        "node_modules/@storybook/addon-webpack5-compiler-swc": {
            "resolved": "../../node_modules/.pnpm/@storybook+addon-webpack5-compiler-swc@1.0.2_webpack@5.91.0/node_modules/@storybook/addon-webpack5-compiler-swc",
            "link": true
        },
        "node_modules/@storybook/blocks": {
            "resolved": "../../node_modules/.pnpm/@storybook+blocks@8.0.10_@types+react@18.3.2_react-dom@18.3.1_react@18.3.1/node_modules/@storybook/blocks",
            "link": true
        },
        "node_modules/@storybook/react": {
            "resolved": "../../node_modules/.pnpm/@storybook+react@8.0.10_react-dom@18.3.1_react@18.3.1_typescript@5.4.5/node_modules/@storybook/react",
            "link": true
        },
        "node_modules/@storybook/react-webpack5": {
            "resolved": "../../node_modules/.pnpm/@storybook+react-webpack5@8.0.10_@swc+core@1.5.5_esbuild@0.20.2_react-dom@18.3.1_react@18.3.1_typescript@5.4.5/node_modules/@storybook/react-webpack5",
            "link": true
        },
        "node_modules/@storybook/test": {
            "resolved": "../../node_modules/.pnpm/@storybook+test@8.0.10/node_modules/@storybook/test",
            "link": true
        },
        "node_modules/@types/react": {
            "resolved": "../../node_modules/.pnpm/@types+react@18.3.2/node_modules/@types/react",
            "link": true
        },
        "node_modules/@younghwa/secure-random": {
            "version": "0.0.5",
            "resolved": "https://registry.npmjs.org/@younghwa/secure-random/-/secure-random-0.0.5.tgz",
            "integrity": "sha512-iJri4CI7G7iaoHEiiOqeyWMrjPAEnQeG0iBPOs/dVqpnM1ZdmdnWe7Oc3ryN8n4/OouA9fGz9QMN0zRw3hny2A=="
        },
        "node_modules/classnames": {
            "resolved": "../../node_modules/.pnpm/classnames@2.5.1/node_modules/classnames",
            "link": true
        },
        "node_modules/prop-types": {
            "resolved": "../../node_modules/.pnpm/prop-types@15.8.1/node_modules/prop-types",
            "link": true
        },
        "node_modules/react": {
            "resolved": "../../node_modules/.pnpm/react@18.3.1/node_modules/react",
            "link": true
        },
        "node_modules/react-dom": {
            "resolved": "../../node_modules/.pnpm/react-dom@18.3.1_react@18.3.1/node_modules/react-dom",
            "link": true
        },
        "node_modules/sass": {
            "resolved": "../../node_modules/.pnpm/sass@1.77.1/node_modules/sass",
            "link": true
        },
        "node_modules/storybook": {
            "resolved": "../../node_modules/.pnpm/storybook@8.0.10_react-dom@18.3.1_react@18.3.1/node_modules/storybook",
            "link": true
        }
    }
}
